{
	"name": "Solana",
	"version": "1.0.0",
	"lockfileVersion": 2,
	"requires": true,
	"packages": {
		"": {
			"name": "Solana",
			"version": "1.0.0",
			"dependencies": {
				"bd-scss": "^2.0.12"
			}
		},
		"node_modules/anymatch": {
			"version": "3.1.3",
			"resolved": "https://registry.npmjs.org/anymatch/-/anymatch-3.1.3.tgz",
			"integrity": "sha512-KMReFUr0B4t+D+OBkjR3KYqvocp2XaSzO55UcB6mgQMd3KbcE+mWTyvVV7D/zsdEbNnV6acZUutkiHQXvTr1Rw==",
			"dependencies": {
				"normalize-path": "^3.0.0",
				"picomatch": "^2.0.4"
			},
			"engines": {
				"node": ">= 8"
			}
		},
		"node_modules/autoprefixer": {
			"version": "10.4.14",
			"resolved": "https://registry.npmjs.org/autoprefixer/-/autoprefixer-10.4.14.tgz",
			"integrity": "sha512-FQzyfOsTlwVzjHxKEqRIAdJx9niO6VCBCoEwax/VLSoQF29ggECcPuBqUMZ+u8jCZOPSy8b8/8KnuFbp0SaFZQ==",
			"funding": [
				{
					"type": "opencollective",
					"url": "https://opencollective.com/postcss/"
				},
				{
					"type": "tidelift",
					"url": "https://tidelift.com/funding/github/npm/autoprefixer"
				}
			],
			"dependencies": {
				"browserslist": "^4.21.5",
				"caniuse-lite": "^1.0.30001464",
				"fraction.js": "^4.2.0",
				"normalize-range": "^0.1.2",
				"picocolors": "^1.0.0",
				"postcss-value-parser": "^4.2.0"
			},
			"bin": {
				"autoprefixer": "bin/autoprefixer"
			},
			"engines": {
				"node": "^10 || ^12 || >=14"
			},
			"peerDependencies": {
				"postcss": "^8.1.0"
			}
		},
		"node_modules/bd-scss": {
			"version": "2.0.12",
			"resolved": "https://registry.npmjs.org/bd-scss/-/bd-scss-2.0.12.tgz",
			"integrity": "sha512-J3S0IfiWKLZxa0bcSHX4YoJMHTiQzCpqBPVXN/CtzkZStH82iQIHoHNl87LIhDsbp8J5Ez/X8v3VsLcf6hUp8g==",
			"dependencies": {
				"autoprefixer": "^10.4.12",
				"chalk": "^5.0.1",
				"chokidar": "^3.5.3",
				"postcss": "^8.4.16",
				"sade": "^1.8.1",
				"sass": "^1.55.0"
			},
			"bin": {
				"bd-scss": "lib/index.js"
			}
		},
		"node_modules/binary-extensions": {
			"version": "2.2.0",
			"resolved": "https://registry.npmjs.org/binary-extensions/-/binary-extensions-2.2.0.tgz",
			"integrity": "sha512-jDctJ/IVQbZoJykoeHbhXpOlNBqGNcwXJKJog42E5HDPUwQTSdjCHdihjj0DlnheQ7blbT6dHOafNAiS8ooQKA==",
			"engines": {
				"node": ">=8"
			}
		},
		"node_modules/braces": {
			"version": "3.0.2",
			"resolved": "https://registry.npmjs.org/braces/-/braces-3.0.2.tgz",
			"integrity": "sha512-b8um+L1RzM3WDSzvhm6gIz1yfTbBt6YTlcEKAvsmqCZZFw46z626lVj9j1yEPW33H5H+lBQpZMP1k8l+78Ha0A==",
			"dependencies": {
				"fill-range": "^7.0.1"
			},
			"engines": {
				"node": ">=8"
			}
		},
		"node_modules/browserslist": {
			"version": "4.21.5",
			"resolved": "https://registry.npmjs.org/browserslist/-/browserslist-4.21.5.tgz",
			"integrity": "sha512-tUkiguQGW7S3IhB7N+c2MV/HZPSCPAAiYBZXLsBhFB/PCy6ZKKsZrmBayHV9fdGV/ARIfJ14NkxKzRDjvp7L6w==",
			"funding": [
				{
					"type": "opencollective",
					"url": "https://opencollective.com/browserslist"
				},
				{
					"type": "tidelift",
					"url": "https://tidelift.com/funding/github/npm/browserslist"
				}
			],
			"dependencies": {
				"caniuse-lite": "^1.0.30001449",
				"electron-to-chromium": "^1.4.284",
				"node-releases": "^2.0.8",
				"update-browserslist-db": "^1.0.10"
			},
			"bin": {
				"browserslist": "cli.js"
			},
			"engines": {
				"node": "^6 || ^7 || ^8 || ^9 || ^10 || ^11 || ^12 || >=13.7"
			}
		},
		"node_modules/caniuse-lite": {
			"version": "1.0.30001478",
			"resolved": "https://registry.npmjs.org/caniuse-lite/-/caniuse-lite-1.0.30001478.tgz",
			"integrity": "sha512-gMhDyXGItTHipJj2ApIvR+iVB5hd0KP3svMWWXDvZOmjzJJassGLMfxRkQCSYgGd2gtdL/ReeiyvMSFD1Ss6Mw==",
			"funding": [
				{
					"type": "opencollective",
					"url": "https://opencollective.com/browserslist"
				},
				{
					"type": "tidelift",
					"url": "https://tidelift.com/funding/github/npm/caniuse-lite"
				},
				{
					"type": "github",
					"url": "https://github.com/sponsors/ai"
				}
			]
		},
		"node_modules/chalk": {
			"version": "5.2.0",
			"resolved": "https://registry.npmjs.org/chalk/-/chalk-5.2.0.tgz",
			"integrity": "sha512-ree3Gqw/nazQAPuJJEy+avdl7QfZMcUvmHIKgEZkGL+xOBzRvup5Hxo6LHuMceSxOabuJLJm5Yp/92R9eMmMvA==",
			"engines": {
				"node": "^12.17.0 || ^14.13 || >=16.0.0"
			},
			"funding": {
				"url": "https://github.com/chalk/chalk?sponsor=1"
			}
		},
		"node_modules/chokidar": {
			"version": "3.5.3",
			"resolved": "https://registry.npmjs.org/chokidar/-/chokidar-3.5.3.tgz",
			"integrity": "sha512-Dr3sfKRP6oTcjf2JmUmFJfeVMvXBdegxB0iVQ5eb2V10uFJUCAS8OByZdVAyVb8xXNz3GjjTgj9kLWsZTqE6kw==",
			"funding": [
				{
					"type": "individual",
					"url": "https://paulmillr.com/funding/"
				}
			],
			"dependencies": {
				"anymatch": "~3.1.2",
				"braces": "~3.0.2",
				"glob-parent": "~5.1.2",
				"is-binary-path": "~2.1.0",
				"is-glob": "~4.0.1",
				"normalize-path": "~3.0.0",
				"readdirp": "~3.6.0"
			},
			"engines": {
				"node": ">= 8.10.0"
			},
			"optionalDependencies": {
				"fsevents": "~2.3.2"
			}
		},
		"node_modules/electron-to-chromium": {
			"version": "1.4.360",
			"resolved": "https://registry.npmjs.org/electron-to-chromium/-/electron-to-chromium-1.4.360.tgz",
			"integrity": "sha512-EP/jdF15S+l3iSSzgUpUqeazvkbVFXNuVxwwLMVUSie3lUeH1HH70gKe0IS7TASB/0h5QPG2bLMzv2jelSztIQ=="
		},
		"node_modules/escalade": {
			"version": "3.1.1",
			"resolved": "https://registry.npmjs.org/escalade/-/escalade-3.1.1.tgz",
			"integrity": "sha512-k0er2gUkLf8O0zKJiAhmkTnJlTvINGv7ygDNPbeIsX/TJjGJZHuh9B2UxbsaEkmlEo9MfhrSzmhIlhRlI2GXnw==",
			"engines": {
				"node": ">=6"
			}
		},
		"node_modules/fill-range": {
			"version": "7.0.1",
			"resolved": "https://registry.npmjs.org/fill-range/-/fill-range-7.0.1.tgz",
			"integrity": "sha512-qOo9F+dMUmC2Lcb4BbVvnKJxTPjCm+RRpe4gDuGrzkL7mEVl/djYSu2OdQ2Pa302N4oqkSg9ir6jaLWJ2USVpQ==",
			"dependencies": {
				"to-regex-range": "^5.0.1"
			},
			"engines": {
				"node": ">=8"
			}
		},
		"node_modules/fraction.js": {
			"version": "4.2.0",
			"resolved": "https://registry.npmjs.org/fraction.js/-/fraction.js-4.2.0.tgz",
			"integrity": "sha512-MhLuK+2gUcnZe8ZHlaaINnQLl0xRIGRfcGk2yl8xoQAfHrSsL3rYu6FCmBdkdbhc9EPlwyGHewaRsvwRMJtAlA==",
			"engines": {
				"node": "*"
			},
			"funding": {
				"type": "patreon",
				"url": "https://www.patreon.com/infusion"
			}
		},
		"node_modules/fsevents": {
			"version": "2.3.2",
			"resolved": "https://registry.npmjs.org/fsevents/-/fsevents-2.3.2.tgz",
			"integrity": "sha512-xiqMQR4xAeHTuB9uWm+fFRcIOgKBMiOBP+eXiyT7jsgVCq1bkVygt00oASowB7EdtpOHaaPgKt812P9ab+DDKA==",
			"hasInstallScript": true,
			"optional": true,
			"os": [
				"darwin"
			],
			"engines": {
				"node": "^8.16.0 || ^10.6.0 || >=11.0.0"
			}
		},
		"node_modules/glob-parent": {
			"version": "5.1.2",
			"resolved": "https://registry.npmjs.org/glob-parent/-/glob-parent-5.1.2.tgz",
			"integrity": "sha512-AOIgSQCepiJYwP3ARnGx+5VnTu2HBYdzbGP45eLw1vr3zB3vZLeyed1sC9hnbcOc9/SrMyM5RPQrkGz4aS9Zow==",
			"dependencies": {
				"is-glob": "^4.0.1"
			},
			"engines": {
				"node": ">= 6"
			}
		},
		"node_modules/immutable": {
			"version": "4.3.0",
			"resolved": "https://registry.npmjs.org/immutable/-/immutable-4.3.0.tgz",
			"integrity": "sha512-0AOCmOip+xgJwEVTQj1EfiDDOkPmuyllDuTuEX+DDXUgapLAsBIfkg3sxCYyCEA8mQqZrrxPUGjcOQ2JS3WLkg=="
		},
		"node_modules/is-binary-path": {
			"version": "2.1.0",
			"resolved": "https://registry.npmjs.org/is-binary-path/-/is-binary-path-2.1.0.tgz",
			"integrity": "sha512-ZMERYes6pDydyuGidse7OsHxtbI7WVeUEozgR/g7rd0xUimYNlvZRE/K2MgZTjWy725IfelLeVcEM97mmtRGXw==",
			"dependencies": {
				"binary-extensions": "^2.0.0"
			},
			"engines": {
				"node": ">=8"
			}
		},
		"node_modules/is-extglob": {
			"version": "2.1.1",
			"resolved": "https://registry.npmjs.org/is-extglob/-/is-extglob-2.1.1.tgz",
			"integrity": "sha512-SbKbANkN603Vi4jEZv49LeVJMn4yGwsbzZworEoyEiutsN3nJYdbO36zfhGJ6QEDpOZIFkDtnq5JRxmvl3jsoQ==",
			"engines": {
				"node": ">=0.10.0"
			}
		},
		"node_modules/is-glob": {
			"version": "4.0.3",
			"resolved": "https://registry.npmjs.org/is-glob/-/is-glob-4.0.3.tgz",
			"integrity": "sha512-xelSayHH36ZgE7ZWhli7pW34hNbNl8Ojv5KVmkJD4hBdD3th8Tfk9vYasLM+mXWOZhFkgZfxhLSnrwRr4elSSg==",
			"dependencies": {
				"is-extglob": "^2.1.1"
			},
			"engines": {
				"node": ">=0.10.0"
			}
		},
		"node_modules/is-number": {
			"version": "7.0.0",
			"resolved": "https://registry.npmjs.org/is-number/-/is-number-7.0.0.tgz",
			"integrity": "sha512-41Cifkg6e8TylSpdtTpeLVMqvSBEVzTttHvERD741+pnZ8ANv0004MRL43QKPDlK9cGvNp6NZWZUBlbGXYxxng==",
			"engines": {
				"node": ">=0.12.0"
			}
		},
		"node_modules/mri": {
			"version": "1.2.0",
			"resolved": "https://registry.npmjs.org/mri/-/mri-1.2.0.tgz",
			"integrity": "sha512-tzzskb3bG8LvYGFF/mDTpq3jpI6Q9wc3LEmBaghu+DdCssd1FakN7Bc0hVNmEyGq1bq3RgfkCb3cmQLpNPOroA==",
			"engines": {
				"node": ">=4"
			}
		},
		"node_modules/nanoid": {
			"version": "3.3.6",
			"resolved": "https://registry.npmjs.org/nanoid/-/nanoid-3.3.6.tgz",
			"integrity": "sha512-BGcqMMJuToF7i1rt+2PWSNVnWIkGCU78jBG3RxO/bZlnZPK2Cmi2QaffxGO/2RvWi9sL+FAiRiXMgsyxQ1DIDA==",
			"funding": [
				{
					"type": "github",
					"url": "https://github.com/sponsors/ai"
				}
			],
			"bin": {
				"nanoid": "bin/nanoid.cjs"
			},
			"engines": {
				"node": "^10 || ^12 || ^13.7 || ^14 || >=15.0.1"
			}
		},
		"node_modules/node-releases": {
			"version": "2.0.10",
			"resolved": "https://registry.npmjs.org/node-releases/-/node-releases-2.0.10.tgz",
			"integrity": "sha512-5GFldHPXVG/YZmFzJvKK2zDSzPKhEp0+ZR5SVaoSag9fsL5YgHbUHDfnG5494ISANDcK4KwPXAx2xqVEydmd7w=="
		},
		"node_modules/normalize-path": {
			"version": "3.0.0",
			"resolved": "https://registry.npmjs.org/normalize-path/-/normalize-path-3.0.0.tgz",
			"integrity": "sha512-6eZs5Ls3WtCisHWp9S2GUy8dqkpGi4BVSz3GaqiE6ezub0512ESztXUwUB6C6IKbQkY2Pnb/mD4WYojCRwcwLA==",
			"engines": {
				"node": ">=0.10.0"
			}
		},
		"node_modules/normalize-range": {
			"version": "0.1.2",
			"resolved": "https://registry.npmjs.org/normalize-range/-/normalize-range-0.1.2.tgz",
			"integrity": "sha512-bdok/XvKII3nUpklnV6P2hxtMNrCboOjAcyBuQnWEhO665FwrSNRxU+AqpsyvO6LgGYPspN+lu5CLtw4jPRKNA==",
			"engines": {
				"node": ">=0.10.0"
			}
		},
		"node_modules/picocolors": {
			"version": "1.0.0",
			"resolved": "https://registry.npmjs.org/picocolors/-/picocolors-1.0.0.tgz",
			"integrity": "sha512-1fygroTLlHu66zi26VoTDv8yRgm0Fccecssto+MhsZ0D/DGW2sm8E8AjW7NU5VVTRt5GxbeZ5qBuJr+HyLYkjQ=="
		},
		"node_modules/picomatch": {
			"version": "2.3.1",
			"resolved": "https://registry.npmjs.org/picomatch/-/picomatch-2.3.1.tgz",
			"integrity": "sha512-JU3teHTNjmE2VCGFzuY8EXzCDVwEqB2a8fsIvwaStHhAWJEeVd1o1QD80CU6+ZdEXXSLbSsuLwJjkCBWqRQUVA==",
			"engines": {
				"node": ">=8.6"
			},
			"funding": {
				"url": "https://github.com/sponsors/jonschlinkert"
			}
		},
		"node_modules/postcss": {
			"version": "8.4.21",
			"resolved": "https://registry.npmjs.org/postcss/-/postcss-8.4.21.tgz",
			"integrity": "sha512-tP7u/Sn/dVxK2NnruI4H9BG+x+Wxz6oeZ1cJ8P6G/PZY0IKk4k/63TDsQf2kQq3+qoJeLm2kIBUNlZe3zgb4Zg==",
			"funding": [
				{
					"type": "opencollective",
					"url": "https://opencollective.com/postcss/"
				},
				{
					"type": "tidelift",
					"url": "https://tidelift.com/funding/github/npm/postcss"
				}
			],
			"dependencies": {
				"nanoid": "^3.3.4",
				"picocolors": "^1.0.0",
				"source-map-js": "^1.0.2"
			},
			"engines": {
				"node": "^10 || ^12 || >=14"
			}
		},
		"node_modules/postcss-value-parser": {
			"version": "4.2.0",
			"resolved": "https://registry.npmjs.org/postcss-value-parser/-/postcss-value-parser-4.2.0.tgz",
			"integrity": "sha512-1NNCs6uurfkVbeXG4S8JFT9t19m45ICnif8zWLd5oPSZ50QnwMfK+H3jv408d4jw/7Bttv5axS5IiHoLaVNHeQ=="
		},
		"node_modules/readdirp": {
			"version": "3.6.0",
			"resolved": "https://registry.npmjs.org/readdirp/-/readdirp-3.6.0.tgz",
			"integrity": "sha512-hOS089on8RduqdbhvQ5Z37A0ESjsqz6qnRcffsMU3495FuTdqSm+7bhJ29JvIOsBDEEnan5DPu9t3To9VRlMzA==",
			"dependencies": {
				"picomatch": "^2.2.1"
			},
			"engines": {
				"node": ">=8.10.0"
			}
		},
		"node_modules/sade": {
			"version": "1.8.1",
			"resolved": "https://registry.npmjs.org/sade/-/sade-1.8.1.tgz",
			"integrity": "sha512-xal3CZX1Xlo/k4ApwCFrHVACi9fBqJ7V+mwhBsuf/1IOKbBy098Fex+Wa/5QMubw09pSZ/u8EY8PWgevJsXp1A==",
			"dependencies": {
				"mri": "^1.1.0"
			},
			"engines": {
				"node": ">=6"
			}
		},
		"node_modules/sass": {
			"version": "1.62.0",
			"resolved": "https://registry.npmjs.org/sass/-/sass-1.62.0.tgz",
			"integrity": "sha512-Q4USplo4pLYgCi+XlipZCWUQz5pkg/ruSSgJ0WRDSb/+3z9tXUOkQ7QPYn4XrhZKYAK4HlpaQecRwKLJX6+DBg==",
			"dependencies": {
				"chokidar": ">=3.0.0 <4.0.0",
				"immutable": "^4.0.0",
				"source-map-js": ">=0.6.2 <2.0.0"
			},
			"bin": {
				"sass": "sass.js"
			},
			"engines": {
				"node": ">=14.0.0"
			}
		},
		"node_modules/source-map-js": {
			"version": "1.0.2",
			"resolved": "https://registry.npmjs.org/source-map-js/-/source-map-js-1.0.2.tgz",
			"integrity": "sha512-R0XvVJ9WusLiqTCEiGCmICCMplcCkIwwR11mOSD9CR5u+IXYdiseeEuXCVAjS54zqwkLcPNnmU4OeJ6tUrWhDw==",
			"engines": {
				"node": ">=0.10.0"
			}
		},
		"node_modules/to-regex-range": {
			"version": "5.0.1",
			"resolved": "https://registry.npmjs.org/to-regex-range/-/to-regex-range-5.0.1.tgz",
			"integrity": "sha512-65P7iz6X5yEr1cwcgvQxbbIw7Uk3gOy5dIdtZ4rDveLqhrdJP+Li/Hx6tyK0NEb+2GCyneCMJiGqrADCSNk8sQ==",
			"dependencies": {
				"is-number": "^7.0.0"
			},
			"engines": {
				"node": ">=8.0"
			}
		},
		"node_modules/update-browserslist-db": {
			"version": "1.0.10",
			"resolved": "https://registry.npmjs.org/update-browserslist-db/-/update-browserslist-db-1.0.10.tgz",
			"integrity": "sha512-OztqDenkfFkbSG+tRxBeAnCVPckDBcvibKd35yDONx6OU8N7sqgwc7rCbkJ/WcYtVRZ4ba68d6byhC21GFh7sQ==",
			"funding": [
				{
					"type": "opencollective",
					"url": "https://opencollective.com/browserslist"
				},
				{
					"type": "tidelift",
					"url": "https://tidelift.com/funding/github/npm/browserslist"
				}
			],
			"dependencies": {
				"escalade": "^3.1.1",
				"picocolors": "^1.0.0"
			},
			"bin": {
				"browserslist-lint": "cli.js"
			},
			"peerDependencies": {
				"browserslist": ">= 4.21.0"
			}
		}
	},
	"dependencies": {
		"anymatch": {
			"version": "3.1.3",
			"resolved": "https://registry.npmjs.org/anymatch/-/anymatch-3.1.3.tgz",
			"integrity": "sha512-KMReFUr0B4t+D+OBkjR3KYqvocp2XaSzO55UcB6mgQMd3KbcE+mWTyvVV7D/zsdEbNnV6acZUutkiHQXvTr1Rw==",
			"requires": {
				"normalize-path": "^3.0.0",
				"picomatch": "^2.0.4"
			}
		},
		"autoprefixer": {
			"version": "10.4.14",
			"resolved": "https://registry.npmjs.org/autoprefixer/-/autoprefixer-10.4.14.tgz",
			"integrity": "sha512-FQzyfOsTlwVzjHxKEqRIAdJx9niO6VCBCoEwax/VLSoQF29ggECcPuBqUMZ+u8jCZOPSy8b8/8KnuFbp0SaFZQ==",
			"requires": {
				"browserslist": "^4.21.5",
				"caniuse-lite": "^1.0.30001464",
				"fraction.js": "^4.2.0",
				"normalize-range": "^0.1.2",
				"picocolors": "^1.0.0",
				"postcss-value-parser": "^4.2.0"
			}
		},
		"bd-scss": {
			"version": "2.0.12",
			"resolved": "https://registry.npmjs.org/bd-scss/-/bd-scss-2.0.12.tgz",
			"integrity": "sha512-J3S0IfiWKLZxa0bcSHX4YoJMHTiQzCpqBPVXN/CtzkZStH82iQIHoHNl87LIhDsbp8J5Ez/X8v3VsLcf6hUp8g==",
			"requires": {
				"autoprefixer": "^10.4.12",
				"chalk": "^5.0.1",
				"chokidar": "^3.5.3",
				"postcss": "^8.4.16",
				"sade": "^1.8.1",
				"sass": "^1.55.0"
			}
		},
		"binary-extensions": {
			"version": "2.2.0",
			"resolved": "https://registry.npmjs.org/binary-extensions/-/binary-extensions-2.2.0.tgz",
			"integrity": "sha512-jDctJ/IVQbZoJykoeHbhXpOlNBqGNcwXJKJog42E5HDPUwQTSdjCHdihjj0DlnheQ7blbT6dHOafNAiS8ooQKA=="
		},
		"braces": {
			"version": "3.0.2",
			"resolved": "https://registry.npmjs.org/braces/-/braces-3.0.2.tgz",
			"integrity": "sha512-b8um+L1RzM3WDSzvhm6gIz1yfTbBt6YTlcEKAvsmqCZZFw46z626lVj9j1yEPW33H5H+lBQpZMP1k8l+78Ha0A==",
			"requires": {
				"fill-range": "^7.0.1"
			}
		},
		"browserslist": {
			"version": "4.21.5",
			"resolved": "https://registry.npmjs.org/browserslist/-/browserslist-4.21.5.tgz",
			"integrity": "sha512-tUkiguQGW7S3IhB7N+c2MV/HZPSCPAAiYBZXLsBhFB/PCy6ZKKsZrmBayHV9fdGV/ARIfJ14NkxKzRDjvp7L6w==",
			"requires": {
				"caniuse-lite": "^1.0.30001449",
				"electron-to-chromium": "^1.4.284",
				"node-releases": "^2.0.8",
				"update-browserslist-db": "^1.0.10"
			}
		},
		"caniuse-lite": {
			"version": "1.0.30001478",
			"resolved": "https://registry.npmjs.org/caniuse-lite/-/caniuse-lite-1.0.30001478.tgz",
			"integrity": "sha512-gMhDyXGItTHipJj2ApIvR+iVB5hd0KP3svMWWXDvZOmjzJJassGLMfxRkQCSYgGd2gtdL/ReeiyvMSFD1Ss6Mw=="
		},
		"chalk": {
			"version": "5.2.0",
			"resolved": "https://registry.npmjs.org/chalk/-/chalk-5.2.0.tgz",
			"integrity": "sha512-ree3Gqw/nazQAPuJJEy+avdl7QfZMcUvmHIKgEZkGL+xOBzRvup5Hxo6LHuMceSxOabuJLJm5Yp/92R9eMmMvA=="
		},
		"chokidar": {
			"version": "3.5.3",
			"resolved": "https://registry.npmjs.org/chokidar/-/chokidar-3.5.3.tgz",
			"integrity": "sha512-Dr3sfKRP6oTcjf2JmUmFJfeVMvXBdegxB0iVQ5eb2V10uFJUCAS8OByZdVAyVb8xXNz3GjjTgj9kLWsZTqE6kw==",
			"requires": {
				"anymatch": "~3.1.2",
				"braces": "~3.0.2",
				"fsevents": "~2.3.2",
				"glob-parent": "~5.1.2",
				"is-binary-path": "~2.1.0",
				"is-glob": "~4.0.1",
				"normalize-path": "~3.0.0",
				"readdirp": "~3.6.0"
			}
		},
		"electron-to-chromium": {
			"version": "1.4.360",
			"resolved": "https://registry.npmjs.org/electron-to-chromium/-/electron-to-chromium-1.4.360.tgz",
			"integrity": "sha512-EP/jdF15S+l3iSSzgUpUqeazvkbVFXNuVxwwLMVUSie3lUeH1HH70gKe0IS7TASB/0h5QPG2bLMzv2jelSztIQ=="
		},
		"escalade": {
			"version": "3.1.1",
			"resolved": "https://registry.npmjs.org/escalade/-/escalade-3.1.1.tgz",
			"integrity": "sha512-k0er2gUkLf8O0zKJiAhmkTnJlTvINGv7ygDNPbeIsX/TJjGJZHuh9B2UxbsaEkmlEo9MfhrSzmhIlhRlI2GXnw=="
		},
		"fill-range": {
			"version": "7.0.1",
			"resolved": "https://registry.npmjs.org/fill-range/-/fill-range-7.0.1.tgz",
			"integrity": "sha512-qOo9F+dMUmC2Lcb4BbVvnKJxTPjCm+RRpe4gDuGrzkL7mEVl/djYSu2OdQ2Pa302N4oqkSg9ir6jaLWJ2USVpQ==",
			"requires": {
				"to-regex-range": "^5.0.1"
			}
		},
		"fraction.js": {
			"version": "4.2.0",
			"resolved": "https://registry.npmjs.org/fraction.js/-/fraction.js-4.2.0.tgz",
			"integrity": "sha512-MhLuK+2gUcnZe8ZHlaaINnQLl0xRIGRfcGk2yl8xoQAfHrSsL3rYu6FCmBdkdbhc9EPlwyGHewaRsvwRMJtAlA=="
		},
		"fsevents": {
			"version": "2.3.2",
			"resolved": "https://registry.npmjs.org/fsevents/-/fsevents-2.3.2.tgz",
			"integrity": "sha512-xiqMQR4xAeHTuB9uWm+fFRcIOgKBMiOBP+eXiyT7jsgVCq1bkVygt00oASowB7EdtpOHaaPgKt812P9ab+DDKA==",
			"optional": true
		},
		"glob-parent": {
			"version": "5.1.2",
			"resolved": "https://registry.npmjs.org/glob-parent/-/glob-parent-5.1.2.tgz",
			"integrity": "sha512-AOIgSQCepiJYwP3ARnGx+5VnTu2HBYdzbGP45eLw1vr3zB3vZLeyed1sC9hnbcOc9/SrMyM5RPQrkGz4aS9Zow==",
			"requires": {
				"is-glob": "^4.0.1"
			}
		},
		"immutable": {
			"version": "4.3.0",
			"resolved": "https://registry.npmjs.org/immutable/-/immutable-4.3.0.tgz",
			"integrity": "sha512-0AOCmOip+xgJwEVTQj1EfiDDOkPmuyllDuTuEX+DDXUgapLAsBIfkg3sxCYyCEA8mQqZrrxPUGjcOQ2JS3WLkg=="
		},
		"is-binary-path": {
			"version": "2.1.0",
			"resolved": "https://registry.npmjs.org/is-binary-path/-/is-binary-path-2.1.0.tgz",
			"integrity": "sha512-ZMERYes6pDydyuGidse7OsHxtbI7WVeUEozgR/g7rd0xUimYNlvZRE/K2MgZTjWy725IfelLeVcEM97mmtRGXw==",
			"requires": {
				"binary-extensions": "^2.0.0"
			}
		},
		"is-extglob": {
			"version": "2.1.1",
			"resolved": "https://registry.npmjs.org/is-extglob/-/is-extglob-2.1.1.tgz",
			"integrity": "sha512-SbKbANkN603Vi4jEZv49LeVJMn4yGwsbzZworEoyEiutsN3nJYdbO36zfhGJ6QEDpOZIFkDtnq5JRxmvl3jsoQ=="
		},
		"is-glob": {
			"version": "4.0.3",
			"resolved": "https://registry.npmjs.org/is-glob/-/is-glob-4.0.3.tgz",
			"integrity": "sha512-xelSayHH36ZgE7ZWhli7pW34hNbNl8Ojv5KVmkJD4hBdD3th8Tfk9vYasLM+mXWOZhFkgZfxhLSnrwRr4elSSg==",
			"requires": {
				"is-extglob": "^2.1.1"
			}
		},
		"is-number": {
			"version": "7.0.0",
			"resolved": "https://registry.npmjs.org/is-number/-/is-number-7.0.0.tgz",
			"integrity": "sha512-41Cifkg6e8TylSpdtTpeLVMqvSBEVzTttHvERD741+pnZ8ANv0004MRL43QKPDlK9cGvNp6NZWZUBlbGXYxxng=="
		},
		"mri": {
			"version": "1.2.0",
			"resolved": "https://registry.npmjs.org/mri/-/mri-1.2.0.tgz",
			"integrity": "sha512-tzzskb3bG8LvYGFF/mDTpq3jpI6Q9wc3LEmBaghu+DdCssd1FakN7Bc0hVNmEyGq1bq3RgfkCb3cmQLpNPOroA=="
		},
		"nanoid": {
			"version": "3.3.6",
			"resolved": "https://registry.npmjs.org/nanoid/-/nanoid-3.3.6.tgz",
			"integrity": "sha512-BGcqMMJuToF7i1rt+2PWSNVnWIkGCU78jBG3RxO/bZlnZPK2Cmi2QaffxGO/2RvWi9sL+FAiRiXMgsyxQ1DIDA=="
		},
		"node-releases": {
			"version": "2.0.10",
			"resolved": "https://registry.npmjs.org/node-releases/-/node-releases-2.0.10.tgz",
			"integrity": "sha512-5GFldHPXVG/YZmFzJvKK2zDSzPKhEp0+ZR5SVaoSag9fsL5YgHbUHDfnG5494ISANDcK4KwPXAx2xqVEydmd7w=="
		},
		"normalize-path": {
			"version": "3.0.0",
			"resolved": "https://registry.npmjs.org/normalize-path/-/normalize-path-3.0.0.tgz",
			"integrity": "sha512-6eZs5Ls3WtCisHWp9S2GUy8dqkpGi4BVSz3GaqiE6ezub0512ESztXUwUB6C6IKbQkY2Pnb/mD4WYojCRwcwLA=="
		},
		"normalize-range": {
			"version": "0.1.2",
			"resolved": "https://registry.npmjs.org/normalize-range/-/normalize-range-0.1.2.tgz",
			"integrity": "sha512-bdok/XvKII3nUpklnV6P2hxtMNrCboOjAcyBuQnWEhO665FwrSNRxU+AqpsyvO6LgGYPspN+lu5CLtw4jPRKNA=="
		},
		"picocolors": {
			"version": "1.0.0",
			"resolved": "https://registry.npmjs.org/picocolors/-/picocolors-1.0.0.tgz",
			"integrity": "sha512-1fygroTLlHu66zi26VoTDv8yRgm0Fccecssto+MhsZ0D/DGW2sm8E8AjW7NU5VVTRt5GxbeZ5qBuJr+HyLYkjQ=="
		},
		"picomatch": {
			"version": "2.3.1",
			"resolved": "https://registry.npmjs.org/picomatch/-/picomatch-2.3.1.tgz",
			"integrity": "sha512-JU3teHTNjmE2VCGFzuY8EXzCDVwEqB2a8fsIvwaStHhAWJEeVd1o1QD80CU6+ZdEXXSLbSsuLwJjkCBWqRQUVA=="
		},
		"postcss": {
			"version": "8.4.21",
			"resolved": "https://registry.npmjs.org/postcss/-/postcss-8.4.21.tgz",
			"integrity": "sha512-tP7u/Sn/dVxK2NnruI4H9BG+x+Wxz6oeZ1cJ8P6G/PZY0IKk4k/63TDsQf2kQq3+qoJeLm2kIBUNlZe3zgb4Zg==",
			"requires": {
				"nanoid": "^3.3.4",
				"picocolors": "^1.0.0",
				"source-map-js": "^1.0.2"
			}
		},
		"postcss-value-parser": {
			"version": "4.2.0",
			"resolved": "https://registry.npmjs.org/postcss-value-parser/-/postcss-value-parser-4.2.0.tgz",
			"integrity": "sha512-1NNCs6uurfkVbeXG4S8JFT9t19m45ICnif8zWLd5oPSZ50QnwMfK+H3jv408d4jw/7Bttv5axS5IiHoLaVNHeQ=="
		},
		"readdirp": {
			"version": "3.6.0",
			"resolved": "https://registry.npmjs.org/readdirp/-/readdirp-3.6.0.tgz",
			"integrity": "sha512-hOS089on8RduqdbhvQ5Z37A0ESjsqz6qnRcffsMU3495FuTdqSm+7bhJ29JvIOsBDEEnan5DPu9t3To9VRlMzA==",
			"requires": {
				"picomatch": "^2.2.1"
			}
		},
		"sade": {
			"version": "1.8.1",
			"resolved": "https://registry.npmjs.org/sade/-/sade-1.8.1.tgz",
			"integrity": "sha512-xal3CZX1Xlo/k4ApwCFrHVACi9fBqJ7V+mwhBsuf/1IOKbBy098Fex+Wa/5QMubw09pSZ/u8EY8PWgevJsXp1A==",
			"requires": {
				"mri": "^1.1.0"
			}
		},
		"sass": {
			"version": "1.62.0",
			"resolved": "https://registry.npmjs.org/sass/-/sass-1.62.0.tgz",
			"integrity": "sha512-Q4USplo4pLYgCi+XlipZCWUQz5pkg/ruSSgJ0WRDSb/+3z9tXUOkQ7QPYn4XrhZKYAK4HlpaQecRwKLJX6+DBg==",
			"requires": {
				"chokidar": ">=3.0.0 <4.0.0",
				"immutable": "^4.0.0",
				"source-map-js": ">=0.6.2 <2.0.0"
			}
		},
		"source-map-js": {
			"version": "1.0.2",
			"resolved": "https://registry.npmjs.org/source-map-js/-/source-map-js-1.0.2.tgz",
			"integrity": "sha512-R0XvVJ9WusLiqTCEiGCmICCMplcCkIwwR11mOSD9CR5u+IXYdiseeEuXCVAjS54zqwkLcPNnmU4OeJ6tUrWhDw=="
		},
		"to-regex-range": {
			"version": "5.0.1",
			"resolved": "https://registry.npmjs.org/to-regex-range/-/to-regex-range-5.0.1.tgz",
			"integrity": "sha512-65P7iz6X5yEr1cwcgvQxbbIw7Uk3gOy5dIdtZ4rDveLqhrdJP+Li/Hx6tyK0NEb+2GCyneCMJiGqrADCSNk8sQ==",
			"requires": {
				"is-number": "^7.0.0"
			}
		},
		"update-browserslist-db": {
			"version": "1.0.10",
			"resolved": "https://registry.npmjs.org/update-browserslist-db/-/update-browserslist-db-1.0.10.tgz",
			"integrity": "sha512-OztqDenkfFkbSG+tRxBeAnCVPckDBcvibKd35yDONx6OU8N7sqgwc7rCbkJ/WcYtVRZ4ba68d6byhC21GFh7sQ==",
			"requires": {
				"escalade": "^3.1.1",
				"picocolors": "^1.0.0"
			}
		}
	}
}
